{
  "name": "vue-xss",
  "version": "1.0.5",
  "lockfileVersion": 1,
  "requires": true,
  "dependencies": {
    "commander": {
      "version": "2.20.3",
      "resolved": "https://registry.npmjs.org/commander/-/commander-2.20.3.tgz",
      "integrity": "sha512-GpVkmM8vF2vQUkj2LvZmD35JxeJOLCwJ9cUkugyk2nuhbv3+mJvpLYYt+0+USMxE+oj+ey/lJEnhZw75x/OMcQ=="
    },
    "cssfilter": {
      "version": "0.0.10",
      "resolved": "https://registry.npmjs.org/cssfilter/-/cssfilter-0.0.10.tgz",
      "integrity": "sha512-FAaLDaplstoRsDR8XGYH51znUN0UY7nMc6Z9/fvE8EXGwvJE9hu7W2vHwx1+bd6gCYnln9nLbzxFTrcO9YQDZw=="
    },
    "xss": {
      "version": "1.0.14",
      "resolved": "https://registry.npmjs.org/xss/-/xss-1.0.14.tgz",
      "integrity": "sha512-og7TEJhXvn1a7kzZGQ7ETjdQVS2UfZyTlsEdDOqvQF7GoxNfY+0YLCzBy1kPdsDDx4QuNAonQPddpsn6Xl/7sw==",
      "requires": {
        "commander": "^2.20.3",
        "cssfilter": "0.0.10"
      }
    }
  }
}
